
Microsoft Visual Studio Solution File, Format Version 12.00
# Visual Studio 15
VisualStudioVersion = 15.0.28307.1000
MinimumVisualStudioVersion = 10.0.40219.1
Project("{FAE04EC0-301F-11D3-BF4B-00C04F79EFBC}") = "StringLibrary", "StringLibrary\StringLibrary.csproj", "{ACECD143-9176-4DF5-8573-BCD09EDDFCA9}"
EndProject
Project("{FAE04EC0-301F-11D3-BF4B-00C04F79EFBC}") = "StringLibraryTest", "StringLibraryTest\StringLibraryTest.csproj", "{E6681ABE-3735-4866-AA6A-2987C53BB5B4}"
EndProject
Project("{FAE04EC0-301F-11D3-BF4B-00C04F79EFBC}") = "ShowCase", "ShowCase\ShowCase.csproj", "{1642F032-1B0A-4C2A-B960-67C73113BB92}"
EndProject
Global
	GlobalSection(SolutionConfigurationPlatforms) = preSolution
		Debug|Any CPU = Debug|Any CPU
		Release|Any CPU = Release|Any CPU
	EndGlobalSection
	GlobalSection(ProjectConfigurationPlatforms) = postSolution
		{ACECD143-9176-4DF5-8573-BCD09EDDFCA9}.Debug|Any CPU.ActiveCfg = Debug|Any CPU
		{ACECD143-9176-4DF5-8573-BCD09EDDFCA9}.Debug|Any CPU.Build.0 = Debug|Any CPU
		{ACECD143-9176-4DF5-8573-BCD09EDDFCA9}.Release|Any CPU.ActiveCfg = Release|Any CPU
		{ACECD143-9176-4DF5-8573-BCD09EDDFCA9}.Release|Any CPU.Build.0 = Release|Any CPU
		{E6681ABE-3735-4866-AA6A-2987C53BB5B4}.Debug|Any CPU.ActiveCfg = Debug|Any CPU
		{E6681ABE-3735-4866-AA6A-2987C53BB5B4}.Debug|Any CPU.Build.0 = Debug|Any CPU
		{E6681ABE-3735-4866-AA6A-2987C53BB5B4}.Release|Any CPU.ActiveCfg = Release|Any CPU
		{E6681ABE-3735-4866-AA6A-2987C53BB5B4}.Release|Any CPU.Build.0 = Release|Any CPU
		{1642F032-1B0A-4C2A-B960-67C73113BB92}.Debug|Any CPU.ActiveCfg = Debug|Any CPU
		{1642F032-1B0A-4C2A-B960-67C73113BB92}.Debug|Any CPU.Build.0 = Debug|Any CPU
		{1642F032-1B0A-4C2A-B960-67C73113BB92}.Release|Any CPU.ActiveCfg = Release|Any CPU
		{1642F032-1B0A-4C2A-B960-67C73113BB92}.Release|Any CPU.Build.0 = Release|Any CPU
	EndGlobalSection
	GlobalSection(SolutionProperties) = preSolution
		HideSolutionNode = FALSE
	EndGlobalSection
	GlobalSection(ExtensibilityGlobals) = postSolution
		SolutionGuid = {A285CBF8-6783-47F3-A2B4-5FBF21E8C4C7}
	EndGlobalSection
EndGlobal
